
Microsoft Visual Studio Solution File, Format Version 12.00
# Visual Studio Version 17
VisualStudioVersion = 17.13.35931.197
MinimumVisualStudioVersion = 10.0.40219.1
Project("{FAE04EC0-301F-11D3-BF4B-00C04F79EFBC}") = "IdentityWebApplication1", "IdentityWebApplication1\IdentityWebApplication1.csproj", "{BF04F609-0E7C-4947-86C7-D2C2A091B75D}"
EndProject
Project("{FAE04EC0-301F-11D3-BF4B-00C04F79EFBC}") = "IdentityRavenDbWebApplication1", "IdentityRavenDbWebApplication1\IdentityRavenDbWebApplication1.csproj", "{38B2FE1A-95EF-49AF-A740-595227922DD6}"
EndProject
Global
	GlobalSection(SolutionConfigurationPlatforms) = preSolution
		Debug|Any CPU = Debug|Any CPU
		Release|Any CPU = Release|Any CPU
	EndGlobalSection
	GlobalSection(ProjectConfigurationPlatforms) = postSolution
		{BF04F609-0E7C-4947-86C7-D2C2A091B75D}.Debug|Any CPU.ActiveCfg = Debug|Any CPU
		{BF04F609-0E7C-4947-86C7-D2C2A091B75D}.Debug|Any CPU.Build.0 = Debug|Any CPU
		{BF04F609-0E7C-4947-86C7-D2C2A091B75D}.Release|Any CPU.ActiveCfg = Release|Any CPU
		{BF04F609-0E7C-4947-86C7-D2C2A091B75D}.Release|Any CPU.Build.0 = Release|Any CPU
		{38B2FE1A-95EF-49AF-A740-595227922DD6}.Debug|Any CPU.ActiveCfg = Debug|Any CPU
		{38B2FE1A-95EF-49AF-A740-595227922DD6}.Debug|Any CPU.Build.0 = Debug|Any CPU
		{38B2FE1A-95EF-49AF-A740-595227922DD6}.Release|Any CPU.ActiveCfg = Release|Any CPU
		{38B2FE1A-95EF-49AF-A740-595227922DD6}.Release|Any CPU.Build.0 = Release|Any CPU
	EndGlobalSection
	GlobalSection(SolutionProperties) = preSolution
		HideSolutionNode = FALSE
	EndGlobalSection
	GlobalSection(ExtensibilityGlobals) = postSolution
		SolutionGuid = {04211F7C-0097-4AC1-8BAF-581527299500}
	EndGlobalSection
EndGlobal
